# This file is automatically @generated by Poetry 2.0.1 and should not be changed by hand.

[[package]]
name = "memory-fs"
version = "0.41.0"
description = "Memory-FS"
optional = false
python-versions = "<4.0,>=3.12"
groups = ["main"]
files = [
    {file = "memory_fs-0.41.0-py3-none-any.whl", hash = "sha256:85671797c5109b6da321f7d814b2e18e484d95426bdba0e0d46bfa37f8bc549a"},
    {file = "memory_fs-0.41.0.tar.gz", hash = "sha256:f7eaee3dc943973770342da8313094c3d699c7a33ddc80febb2f93105e3d93f7"},
]

[package.dependencies]
osbot-utils = "*"

[[package]]
name = "osbot-utils"
version = "3.72.0"
description = "OWASP Security Bot - Utils"
optional = false
python-versions = "<4.0,>=3.7"
groups = ["main"]
files = [
    {file = "osbot_utils-3.72.0-py3-none-any.whl", hash = "sha256:0dda6cdd3e0359d74e33ff63c30b7d2386fe099c021691c16ac0b0af144dfe6a"},
    {file = "osbot_utils-3.72.0.tar.gz", hash = "sha256:d8665738b228016d8d3e54b80298b278c3d75f66ef885fd3a7453fcd8cc84813"},
]

[metadata]
lock-version = "2.1"
python-versions = "^3.12"
content-hash = "9ec4009434eb26b4d9ef515f7d7ba14424998c70c27c000f7bbc770e229d47a9"
